
Microsoft Visual Studio Solution File, Format Version 12.00
# Visual Studio Version 16
VisualStudioVersion = 16.0.33801.447
MinimumVisualStudioVersion = 10.0.40219.1
Project("{FAE04EC0-301F-11D3-BF4B-00C04F79EFBC}") = "ProyectoMasasWEB", "ProyectoMasasWEB\ProyectoMasasWEB.csproj", "{C1713663-7C40-4D32-A1CC-667852660E5F}"
EndProject
Project("{FAE04EC0-301F-11D3-BF4B-00C04F79EFBC}") = "MasasModel", "MasasModel\MasasModel.csproj", "{B756BC65-C364-4365-B40E-A321F5C88C8C}"
EndProject
Global
	GlobalSection(SolutionConfigurationPlatforms) = preSolution
		Debug|Any CPU = Debug|Any CPU
		Release|Any CPU = Release|Any CPU
	EndGlobalSection
	GlobalSection(ProjectConfigurationPlatforms) = postSolution
		{C1713663-7C40-4D32-A1CC-667852660E5F}.Debug|Any CPU.ActiveCfg = Debug|Any CPU
		{C1713663-7C40-4D32-A1CC-667852660E5F}.Debug|Any CPU.Build.0 = Debug|Any CPU
		{C1713663-7C40-4D32-A1CC-667852660E5F}.Release|Any CPU.ActiveCfg = Release|Any CPU
		{C1713663-7C40-4D32-A1CC-667852660E5F}.Release|Any CPU.Build.0 = Release|Any CPU
		{B756BC65-C364-4365-B40E-A321F5C88C8C}.Debug|Any CPU.ActiveCfg = Debug|Any CPU
		{B756BC65-C364-4365-B40E-A321F5C88C8C}.Debug|Any CPU.Build.0 = Debug|Any CPU
		{B756BC65-C364-4365-B40E-A321F5C88C8C}.Release|Any CPU.ActiveCfg = Release|Any CPU
		{B756BC65-C364-4365-B40E-A321F5C88C8C}.Release|Any CPU.Build.0 = Release|Any CPU
	EndGlobalSection
	GlobalSection(SolutionProperties) = preSolution
		HideSolutionNode = FALSE
	EndGlobalSection
	GlobalSection(ExtensibilityGlobals) = postSolution
		SolutionGuid = {4467F47E-F7A3-440E-B4F3-BD70E2582CF4}
	EndGlobalSection
EndGlobal
